
Microsoft Visual Studio Solution File, Format Version 12.00
# Visual Studio Version 17
VisualStudioVersion = 17.12.35514.174 d17.12
MinimumVisualStudioVersion = 10.0.40219.1
Project("{FAE04EC0-301F-11D3-BF4B-00C04F79EFBC}") = "IniciandoTestes", "ConsoleApp1\IniciandoTestes.csproj", "{3D257F51-05B7-43AE-BD9E-0FFE96602A45}"
EndProject
Project("{FAE04EC0-301F-11D3-BF4B-00C04F79EFBC}") = "IniciandoTestes.Testes", "IniciandoTestes.Testes\IniciandoTestes.Testes.csproj", "{D4B4B155-CB32-4439-9DD9-C33EC8A96E90}"
EndProject
Global
	GlobalSection(SolutionConfigurationPlatforms) = preSolution
		Debug|Any CPU = Debug|Any CPU
		Release|Any CPU = Release|Any CPU
	EndGlobalSection
	GlobalSection(ProjectConfigurationPlatforms) = postSolution
		{3D257F51-05B7-43AE-BD9E-0FFE96602A45}.Debug|Any CPU.ActiveCfg = Debug|Any CPU
		{3D257F51-05B7-43AE-BD9E-0FFE96602A45}.Debug|Any CPU.Build.0 = Debug|Any CPU
		{3D257F51-05B7-43AE-BD9E-0FFE96602A45}.Release|Any CPU.ActiveCfg = Release|Any CPU
		{3D257F51-05B7-43AE-BD9E-0FFE96602A45}.Release|Any CPU.Build.0 = Release|Any CPU
		{D4B4B155-CB32-4439-9DD9-C33EC8A96E90}.Debug|Any CPU.ActiveCfg = Debug|Any CPU
		{D4B4B155-CB32-4439-9DD9-C33EC8A96E90}.Debug|Any CPU.Build.0 = Debug|Any CPU
		{D4B4B155-CB32-4439-9DD9-C33EC8A96E90}.Release|Any CPU.ActiveCfg = Release|Any CPU
		{D4B4B155-CB32-4439-9DD9-C33EC8A96E90}.Release|Any CPU.Build.0 = Release|Any CPU
	EndGlobalSection
	GlobalSection(SolutionProperties) = preSolution
		HideSolutionNode = FALSE
	EndGlobalSection
EndGlobal
